
Microsoft Visual Studio Solution File, Format Version 12.00
# Visual Studio Version 17
VisualStudioVersion = 17.2.32505.173
MinimumVisualStudioVersion = 10.0.40219.1
Project("{9A19103F-16F7-4668-BE54-9A1E7A4F7556}") = "Server", "Server\Server.csproj", "{44AE783B-6D6E-4F8A-ADB1-A175037E8B34}"
EndProject
Project("{9A19103F-16F7-4668-BE54-9A1E7A4F7556}") = "RepositoryDB", "RepositoryDB\RepositoryDB.csproj", "{B84CE1B5-A9BC-4238-BAE1-3FA3D0FBF21A}"
EndProject
Project("{9A19103F-16F7-4668-BE54-9A1E7A4F7556}") = "AdministratorDB", "AdministratorDB\AdministratorDB.csproj", "{962C5736-8459-49C4-B0D3-5F0043197234}"
EndProject
Project("{9A19103F-16F7-4668-BE54-9A1E7A4F7556}") = "ProtocolCryptographyC", "..\ProtocolCryptographyC\ProtocolCryptographyC.csproj", "{B8CDFD2B-B7BC-4DB0-84B2-DE4454F88858}"
EndProject
Project("{9A19103F-16F7-4668-BE54-9A1E7A4F7556}") = "CryptL", "..\CryptL\CryptL.csproj", "{BD48115C-E065-4244-8DE9-CC819325549E}"
EndProject
Global
	GlobalSection(SolutionConfigurationPlatforms) = preSolution
		Debug|Any CPU = Debug|Any CPU
		Release|Any CPU = Release|Any CPU
	EndGlobalSection
	GlobalSection(ProjectConfigurationPlatforms) = postSolution
		{44AE783B-6D6E-4F8A-ADB1-A175037E8B34}.Debug|Any CPU.ActiveCfg = Debug|Any CPU
		{44AE783B-6D6E-4F8A-ADB1-A175037E8B34}.Debug|Any CPU.Build.0 = Debug|Any CPU
		{44AE783B-6D6E-4F8A-ADB1-A175037E8B34}.Release|Any CPU.ActiveCfg = Release|Any CPU
		{44AE783B-6D6E-4F8A-ADB1-A175037E8B34}.Release|Any CPU.Build.0 = Release|Any CPU
		{B84CE1B5-A9BC-4238-BAE1-3FA3D0FBF21A}.Debug|Any CPU.ActiveCfg = Debug|Any CPU
		{B84CE1B5-A9BC-4238-BAE1-3FA3D0FBF21A}.Debug|Any CPU.Build.0 = Debug|Any CPU
		{B84CE1B5-A9BC-4238-BAE1-3FA3D0FBF21A}.Release|Any CPU.ActiveCfg = Release|Any CPU
		{B84CE1B5-A9BC-4238-BAE1-3FA3D0FBF21A}.Release|Any CPU.Build.0 = Release|Any CPU
		{962C5736-8459-49C4-B0D3-5F0043197234}.Debug|Any CPU.ActiveCfg = Debug|Any CPU
		{962C5736-8459-49C4-B0D3-5F0043197234}.Debug|Any CPU.Build.0 = Debug|Any CPU
		{962C5736-8459-49C4-B0D3-5F0043197234}.Release|Any CPU.ActiveCfg = Release|Any CPU
		{962C5736-8459-49C4-B0D3-5F0043197234}.Release|Any CPU.Build.0 = Release|Any CPU
		{B8CDFD2B-B7BC-4DB0-84B2-DE4454F88858}.Debug|Any CPU.ActiveCfg = Debug|Any CPU
		{B8CDFD2B-B7BC-4DB0-84B2-DE4454F88858}.Debug|Any CPU.Build.0 = Debug|Any CPU
		{B8CDFD2B-B7BC-4DB0-84B2-DE4454F88858}.Release|Any CPU.ActiveCfg = Release|Any CPU
		{B8CDFD2B-B7BC-4DB0-84B2-DE4454F88858}.Release|Any CPU.Build.0 = Release|Any CPU
		{BD48115C-E065-4244-8DE9-CC819325549E}.Debug|Any CPU.ActiveCfg = Debug|Any CPU
		{BD48115C-E065-4244-8DE9-CC819325549E}.Debug|Any CPU.Build.0 = Debug|Any CPU
		{BD48115C-E065-4244-8DE9-CC819325549E}.Release|Any CPU.ActiveCfg = Release|Any CPU
		{BD48115C-E065-4244-8DE9-CC819325549E}.Release|Any CPU.Build.0 = Release|Any CPU
	EndGlobalSection
	GlobalSection(SolutionProperties) = preSolution
		HideSolutionNode = FALSE
	EndGlobalSection
	GlobalSection(ExtensibilityGlobals) = postSolution
		SolutionGuid = {23FE120A-2135-4421-9D59-9636467962D7}
	EndGlobalSection
EndGlobal
